
Microsoft Visual Studio Solution File, Format Version 12.00
# Visual Studio Version 16
VisualStudioVersion = 16.0.30611.23
MinimumVisualStudioVersion = 10.0.40219.1
Project("{FAE04EC0-301F-11D3-BF4B-00C04F79EFBC}") = "BlazingCRM.Docker", "BlazingCRM.Docker\BlazingCRM.Docker.csproj", "{68570794-A4EC-46E0-9176-A375ADB1B705}"
EndProject
Global
	GlobalSection(SolutionConfigurationPlatforms) = preSolution
		Debug|Any CPU = Debug|Any CPU
		Release|Any CPU = Release|Any CPU
	EndGlobalSection
	GlobalSection(ProjectConfigurationPlatforms) = postSolution
		{68570794-A4EC-46E0-9176-A375ADB1B705}.Debug|Any CPU.ActiveCfg = Debug|Any CPU
		{68570794-A4EC-46E0-9176-A375ADB1B705}.Debug|Any CPU.Build.0 = Debug|Any CPU
		{68570794-A4EC-46E0-9176-A375ADB1B705}.Release|Any CPU.ActiveCfg = Release|Any CPU
		{68570794-A4EC-46E0-9176-A375ADB1B705}.Release|Any CPU.Build.0 = Release|Any CPU
	EndGlobalSection
	GlobalSection(SolutionProperties) = preSolution
		HideSolutionNode = FALSE
	EndGlobalSection
	GlobalSection(ExtensibilityGlobals) = postSolution
		SolutionGuid = {339AA615-B860-420D-9832-0736EB757F9F}
	EndGlobalSection
EndGlobal
